
Microsoft Visual Studio Solution File, Format Version 12.00
# Visual Studio 14
VisualStudioVersion = 14.0.25123.0
MinimumVisualStudioVersion = 10.0.40219.1
Project("{FAE04EC0-301F-11D3-BF4B-00C04F79EFBC}") = "PlanningManagment", "PlanningManagment\PlanningManagment.csproj", "{0B05AC4E-1B55-4F50-96BE-08B129F88B07}"
EndProject
Project("{FAE04EC0-301F-11D3-BF4B-00C04F79EFBC}") = "PlanningManagment.Tests", "PlanningManagment.Tests\PlanningManagment.Tests.csproj", "{FC9D3824-712F-4E70-8EA5-D8EB01FF3022}"
EndProject
Project("{2150E333-8FDC-42A3-9474-1A3956D46DE8}") = "PublishScripts", "PublishScripts", "{5AA7633B-5B78-402D-ABC0-27D2F731E838}"
EndProject
Project("{2150E333-8FDC-42A3-9474-1A3956D46DE8}") = "Scripts", "Scripts", "{12449B94-370C-4D8C-B8EA-DFE89CC4B945}"
	ProjectSection(SolutionItems) = preProject
		PublishScripts\Scripts\Deploy-AzureResourceGroup.ps1 = PublishScripts\Scripts\Deploy-AzureResourceGroup.ps1
	EndProjectSection
EndProject
Project("{2150E333-8FDC-42A3-9474-1A3956D46DE8}") = "Templates", "Templates", "{00103388-C5B7-4111-87FA-0B0F6A890B76}"
	ProjectSection(SolutionItems) = preProject
		PublishScripts\Templates\PlanningManagment.json = PublishScripts\Templates\PlanningManagment.json
		PublishScripts\Templates\PlanningManagment.param.dev.json = PublishScripts\Templates\PlanningManagment.param.dev.json
	EndProjectSection
EndProject
Project("{00D1A9C2-B5F0-4AF3-8072-F6C62B433612}") = "PlanningManagmentDatabase", "..\Database1\PlanningManagmentDatabase.sqlproj", "{D43C866B-44AB-4631-85AB-F8A1923BE0A1}"
EndProject
Global
	GlobalSection(SolutionConfigurationPlatforms) = preSolution
		Debug|Any CPU = Debug|Any CPU
		Release|Any CPU = Release|Any CPU
	EndGlobalSection
	GlobalSection(ProjectConfigurationPlatforms) = postSolution
		{0B05AC4E-1B55-4F50-96BE-08B129F88B07}.Debug|Any CPU.ActiveCfg = Debug|Any CPU
		{0B05AC4E-1B55-4F50-96BE-08B129F88B07}.Debug|Any CPU.Build.0 = Debug|Any CPU
		{0B05AC4E-1B55-4F50-96BE-08B129F88B07}.Release|Any CPU.ActiveCfg = Release|Any CPU
		{0B05AC4E-1B55-4F50-96BE-08B129F88B07}.Release|Any CPU.Build.0 = Release|Any CPU
		{FC9D3824-712F-4E70-8EA5-D8EB01FF3022}.Debug|Any CPU.ActiveCfg = Debug|Any CPU
		{FC9D3824-712F-4E70-8EA5-D8EB01FF3022}.Debug|Any CPU.Build.0 = Debug|Any CPU
		{FC9D3824-712F-4E70-8EA5-D8EB01FF3022}.Release|Any CPU.ActiveCfg = Release|Any CPU
		{FC9D3824-712F-4E70-8EA5-D8EB01FF3022}.Release|Any CPU.Build.0 = Release|Any CPU
		{D43C866B-44AB-4631-85AB-F8A1923BE0A1}.Debug|Any CPU.ActiveCfg = Debug|Any CPU
		{D43C866B-44AB-4631-85AB-F8A1923BE0A1}.Debug|Any CPU.Build.0 = Debug|Any CPU
		{D43C866B-44AB-4631-85AB-F8A1923BE0A1}.Debug|Any CPU.Deploy.0 = Debug|Any CPU
		{D43C866B-44AB-4631-85AB-F8A1923BE0A1}.Release|Any CPU.ActiveCfg = Release|Any CPU
		{D43C866B-44AB-4631-85AB-F8A1923BE0A1}.Release|Any CPU.Build.0 = Release|Any CPU
		{D43C866B-44AB-4631-85AB-F8A1923BE0A1}.Release|Any CPU.Deploy.0 = Release|Any CPU
	EndGlobalSection
	GlobalSection(SolutionProperties) = preSolution
		HideSolutionNode = FALSE
	EndGlobalSection
	GlobalSection(NestedProjects) = preSolution
		{12449B94-370C-4D8C-B8EA-DFE89CC4B945} = {5AA7633B-5B78-402D-ABC0-27D2F731E838}
		{00103388-C5B7-4111-87FA-0B0F6A890B76} = {5AA7633B-5B78-402D-ABC0-27D2F731E838}
	EndGlobalSection
EndGlobal
